
Microsoft Visual Studio Solution File, Format Version 12.00
# Visual Studio Version 16
VisualStudioVersion = 16.0.31515.178
MinimumVisualStudioVersion = 10.0.40219.1
Project("{9A19103F-16F7-4668-BE54-9A1E7A4F7556}") = "SoftCircuits.SpreadsheetBuilder", "SoftCircuits.SpreadsheetBuilder\SoftCircuits.SpreadsheetBuilder.csproj", "{F9EA512A-1FDA-4F9C-8288-7BFA69268F4B}"
EndProject
Project("{9A19103F-16F7-4668-BE54-9A1E7A4F7556}") = "Spreadsheet.Tests", "Spreadsheet.Tests\Spreadsheet.Tests.csproj", "{E6106E95-E747-48E2-A0D8-AD581FC6A124}"
EndProject
Project("{9A19103F-16F7-4668-BE54-9A1E7A4F7556}") = "TestExcel", "TestExcel\TestExcel.csproj", "{D7369A90-4D28-40FE-B455-36E1798F19D2}"
EndProject
Global
	GlobalSection(SolutionConfigurationPlatforms) = preSolution
		Debug|Any CPU = Debug|Any CPU
		Release|Any CPU = Release|Any CPU
	EndGlobalSection
	GlobalSection(ProjectConfigurationPlatforms) = postSolution
		{F9EA512A-1FDA-4F9C-8288-7BFA69268F4B}.Debug|Any CPU.ActiveCfg = Debug|Any CPU
		{F9EA512A-1FDA-4F9C-8288-7BFA69268F4B}.Debug|Any CPU.Build.0 = Debug|Any CPU
		{F9EA512A-1FDA-4F9C-8288-7BFA69268F4B}.Release|Any CPU.ActiveCfg = Release|Any CPU
		{F9EA512A-1FDA-4F9C-8288-7BFA69268F4B}.Release|Any CPU.Build.0 = Release|Any CPU
		{E6106E95-E747-48E2-A0D8-AD581FC6A124}.Debug|Any CPU.ActiveCfg = Debug|Any CPU
		{E6106E95-E747-48E2-A0D8-AD581FC6A124}.Debug|Any CPU.Build.0 = Debug|Any CPU
		{E6106E95-E747-48E2-A0D8-AD581FC6A124}.Release|Any CPU.ActiveCfg = Release|Any CPU
		{E6106E95-E747-48E2-A0D8-AD581FC6A124}.Release|Any CPU.Build.0 = Release|Any CPU
		{D7369A90-4D28-40FE-B455-36E1798F19D2}.Debug|Any CPU.ActiveCfg = Debug|Any CPU
		{D7369A90-4D28-40FE-B455-36E1798F19D2}.Debug|Any CPU.Build.0 = Debug|Any CPU
		{D7369A90-4D28-40FE-B455-36E1798F19D2}.Release|Any CPU.ActiveCfg = Release|Any CPU
		{D7369A90-4D28-40FE-B455-36E1798F19D2}.Release|Any CPU.Build.0 = Release|Any CPU
	EndGlobalSection
	GlobalSection(SolutionProperties) = preSolution
		HideSolutionNode = FALSE
	EndGlobalSection
	GlobalSection(ExtensibilityGlobals) = postSolution
		SolutionGuid = {775614ED-73E4-4DA6-89A1-80824A2E9D5E}
	EndGlobalSection
EndGlobal
